PODS:
  - Alamofire (5.0.4)
  - CryptoSwift (1.4.0)
  - HandyJSON (5.0.2-beta)
  - IQKeyboardManagerSwift (6.5.5)
  - KeychainAccess (4.1.0)
  - Moya/Core (15.0.0-alpha.1):
    - Alamofire (~> 5.0)
  - Moya/RxSwift (15.0.0-alpha.1):
    - Moya/Core
    - RxSwift (~> 5.0)
  - RxSwift (5.1.0)
  - SQLiteRepairKit (1.2.2):
    - WCDBOptimizedSQLCipher (~> 1.2.0)
  - UIDeviceIdentifier (1.4.0)
  - WCDB.swift (1.0.8.2):
    - SQLiteRepairKit (~> 1.2.0)
    - WCDBOptimizedSQLCipher (~> 1.2.0)
  - WCDBOptimizedSQLCipher (1.2.1)

DEPENDENCIES:
  - Alamofire (= 5.0.4)
  - CryptoSwift (= 1.4.0)
  - HandyJSON (= 5.0.2-beta)
  - IQKeyboardManagerSwift (= 6.5.5)
  - KeychainAccess (= 4.1.0)
  - Moya/RxSwift (= 15.0.0-alpha.1)
  - RxSwift (= 5.1.0)
  - UIDeviceIdentifier (= 1.4.0)
  - WCDB.swift (= 1.0.8.2)

SPEC REPOS:
  https://github.com/CocoaPods/Specs.git:
    - Alamofire
    - CryptoSwift
    - HandyJSON
    - IQKeyboardManagerSwift
    - KeychainAccess
    - Moya
    - RxSwift
    - SQLiteRepairKit
    - UIDeviceIdentifier
    - WCDB.swift
    - WCDBOptimizedSQLCipher

SPEC CHECKSUMS:
  Alamofire: 0fe5fd24b4298dc377a6550da7d5f1b30e286fcb
  CryptoSwift: 7cc902df1784de3b389a387756c7d710f197730c
  HandyJSON: e18b035d60cb4847c609a59bb831c5db8c549663
  IQKeyboardManagerSwift: 0fb93310284665245591f50f7a5e38de615960b7
  KeychainAccess: 445e28864fe6d3458b41fa211bcdc39890e8bd5a
  Moya: 101c94dfb29289736ecd20fa6e82bea665e0671b
  RxSwift: ad5874f24bb0dbffd1e9bb8443604e3578796c7a
  SQLiteRepairKit: 35aaae5a8838adb85f5b1eb4d796055be6060a4b
  UIDeviceIdentifier: 44f805037d21b94394821828f4fcaba34b38c2d0
  WCDB.swift: 05d509d7a0e60fb6e11c34eb7e4027c0fab5849f
  WCDBOptimizedSQLCipher: baf44493b0c7a3d49e97bc5b64a3856f6428ddd1

PODFILE CHECKSUM: b51381fffff5c39417ccd2ca63634abf76d7710a

COCOAPODS: 1.10.0
